
Microsoft Visual Studio Solution File, Format Version 12.00
# Visual Studio Version 16
VisualStudioVersion = 16.0.30615.102
MinimumVisualStudioVersion = 10.0.40219.1
Project("{9A19103F-16F7-4668-BE54-9A1E7A4F7556}") = "Tabler.Docs.Server", "docs\Tabler.Docs.Server\Tabler.Docs.Server.csproj", "{AB9C8A88-E800-4A1E-917D-B15E5D7241C8}"
EndProject
Project("{9A19103F-16F7-4668-BE54-9A1E7A4F7556}") = "Tabler.Docs", "docs\Tabler.Docs\Tabler.Docs.csproj", "{ABA6934F-8630-4C75-A4A9-B8504B9AA629}"
EndProject
Project("{9A19103F-16F7-4668-BE54-9A1E7A4F7556}") = "TabBlazor", "src\TabBlazor\TabBlazor.csproj", "{12670973-FFE5-4B66-A898-1689AA02BF77}"
EndProject
Project("{2150E333-8FDC-42A3-9474-1A3956D46DE8}") = "Kit", "Kit", "{81D006FE-6823-4513-9077-CE318FE276D3}"
EndProject
Project("{9A19103F-16F7-4668-BE54-9A1E7A4F7556}") = "Kit", "..\..\Kit\Kit\Kit.csproj", "{19D0FCA7-4A9D-4A75-AB16-78C8E513BDB6}"
EndProject
Project("{9A19103F-16F7-4668-BE54-9A1E7A4F7556}") = "Kit.WPF", "..\..\Kit\Kit.WPF\Kit.WPF.csproj", "{34EFE474-FEF7-4E63-92C3-10AA9B823C85}"
EndProject
Project("{FAE04EC0-301F-11D3-BF4B-00C04F79EFBC}") = "PrintService", "PrintService\PrintService.csproj", "{DDB5A378-31FF-4BE1-89E4-5D527ABE533D}"
EndProject
Global
	GlobalSection(SolutionConfigurationPlatforms) = preSolution
		Debug|Any CPU = Debug|Any CPU
		Debug2|Any CPU = Debug2|Any CPU
		Gorilla|Any CPU = Gorilla|Any CPU
		Release|Any CPU = Release|Any CPU
	EndGlobalSection
	GlobalSection(ProjectConfigurationPlatforms) = postSolution
		{AB9C8A88-E800-4A1E-917D-B15E5D7241C8}.Debug|Any CPU.ActiveCfg = Debug|Any CPU
		{AB9C8A88-E800-4A1E-917D-B15E5D7241C8}.Debug|Any CPU.Build.0 = Debug|Any CPU
		{AB9C8A88-E800-4A1E-917D-B15E5D7241C8}.Debug2|Any CPU.ActiveCfg = Debug|Any CPU
		{AB9C8A88-E800-4A1E-917D-B15E5D7241C8}.Debug2|Any CPU.Build.0 = Debug|Any CPU
		{AB9C8A88-E800-4A1E-917D-B15E5D7241C8}.Gorilla|Any CPU.ActiveCfg = Release|Any CPU
		{AB9C8A88-E800-4A1E-917D-B15E5D7241C8}.Gorilla|Any CPU.Build.0 = Release|Any CPU
		{AB9C8A88-E800-4A1E-917D-B15E5D7241C8}.Release|Any CPU.ActiveCfg = Release|Any CPU
		{AB9C8A88-E800-4A1E-917D-B15E5D7241C8}.Release|Any CPU.Build.0 = Release|Any CPU
		{ABA6934F-8630-4C75-A4A9-B8504B9AA629}.Debug|Any CPU.ActiveCfg = Debug|Any CPU
		{ABA6934F-8630-4C75-A4A9-B8504B9AA629}.Debug|Any CPU.Build.0 = Debug|Any CPU
		{ABA6934F-8630-4C75-A4A9-B8504B9AA629}.Debug2|Any CPU.ActiveCfg = Debug|Any CPU
		{ABA6934F-8630-4C75-A4A9-B8504B9AA629}.Debug2|Any CPU.Build.0 = Debug|Any CPU
		{ABA6934F-8630-4C75-A4A9-B8504B9AA629}.Gorilla|Any CPU.ActiveCfg = Release|Any CPU
		{ABA6934F-8630-4C75-A4A9-B8504B9AA629}.Gorilla|Any CPU.Build.0 = Release|Any CPU
		{ABA6934F-8630-4C75-A4A9-B8504B9AA629}.Release|Any CPU.ActiveCfg = Release|Any CPU
		{ABA6934F-8630-4C75-A4A9-B8504B9AA629}.Release|Any CPU.Build.0 = Release|Any CPU
		{12670973-FFE5-4B66-A898-1689AA02BF77}.Debug|Any CPU.ActiveCfg = Debug|Any CPU
		{12670973-FFE5-4B66-A898-1689AA02BF77}.Debug|Any CPU.Build.0 = Debug|Any CPU
		{12670973-FFE5-4B66-A898-1689AA02BF77}.Debug2|Any CPU.ActiveCfg = Debug|Any CPU
		{12670973-FFE5-4B66-A898-1689AA02BF77}.Debug2|Any CPU.Build.0 = Debug|Any CPU
		{12670973-FFE5-4B66-A898-1689AA02BF77}.Gorilla|Any CPU.ActiveCfg = Release|Any CPU
		{12670973-FFE5-4B66-A898-1689AA02BF77}.Gorilla|Any CPU.Build.0 = Release|Any CPU
		{12670973-FFE5-4B66-A898-1689AA02BF77}.Release|Any CPU.ActiveCfg = Release|Any CPU
		{12670973-FFE5-4B66-A898-1689AA02BF77}.Release|Any CPU.Build.0 = Release|Any CPU
		{19D0FCA7-4A9D-4A75-AB16-78C8E513BDB6}.Debug|Any CPU.ActiveCfg = Debug|Any CPU
		{19D0FCA7-4A9D-4A75-AB16-78C8E513BDB6}.Debug|Any CPU.Build.0 = Debug|Any CPU
		{19D0FCA7-4A9D-4A75-AB16-78C8E513BDB6}.Debug2|Any CPU.ActiveCfg = Debug2|Any CPU
		{19D0FCA7-4A9D-4A75-AB16-78C8E513BDB6}.Debug2|Any CPU.Build.0 = Debug2|Any CPU
		{19D0FCA7-4A9D-4A75-AB16-78C8E513BDB6}.Gorilla|Any CPU.ActiveCfg = Gorilla|Any CPU
		{19D0FCA7-4A9D-4A75-AB16-78C8E513BDB6}.Gorilla|Any CPU.Build.0 = Gorilla|Any CPU
		{19D0FCA7-4A9D-4A75-AB16-78C8E513BDB6}.Release|Any CPU.ActiveCfg = Release|Any CPU
		{19D0FCA7-4A9D-4A75-AB16-78C8E513BDB6}.Release|Any CPU.Build.0 = Release|Any CPU
		{34EFE474-FEF7-4E63-92C3-10AA9B823C85}.Debug|Any CPU.ActiveCfg = Debug|Any CPU
		{34EFE474-FEF7-4E63-92C3-10AA9B823C85}.Debug|Any CPU.Build.0 = Debug|Any CPU
		{34EFE474-FEF7-4E63-92C3-10AA9B823C85}.Debug2|Any CPU.ActiveCfg = Debug2|Any CPU
		{34EFE474-FEF7-4E63-92C3-10AA9B823C85}.Debug2|Any CPU.Build.0 = Debug2|Any CPU
		{34EFE474-FEF7-4E63-92C3-10AA9B823C85}.Gorilla|Any CPU.ActiveCfg = Debug|Any CPU
		{34EFE474-FEF7-4E63-92C3-10AA9B823C85}.Gorilla|Any CPU.Build.0 = Debug|Any CPU
		{34EFE474-FEF7-4E63-92C3-10AA9B823C85}.Release|Any CPU.ActiveCfg = Release|Any CPU
		{34EFE474-FEF7-4E63-92C3-10AA9B823C85}.Release|Any CPU.Build.0 = Release|Any CPU
		{DDB5A378-31FF-4BE1-89E4-5D527ABE533D}.Debug|Any CPU.ActiveCfg = Debug|Any CPU
		{DDB5A378-31FF-4BE1-89E4-5D527ABE533D}.Debug|Any CPU.Build.0 = Debug|Any CPU
		{DDB5A378-31FF-4BE1-89E4-5D527ABE533D}.Debug2|Any CPU.ActiveCfg = Debug|Any CPU
		{DDB5A378-31FF-4BE1-89E4-5D527ABE533D}.Debug2|Any CPU.Build.0 = Debug|Any CPU
		{DDB5A378-31FF-4BE1-89E4-5D527ABE533D}.Gorilla|Any CPU.ActiveCfg = Debug|Any CPU
		{DDB5A378-31FF-4BE1-89E4-5D527ABE533D}.Gorilla|Any CPU.Build.0 = Debug|Any CPU
		{DDB5A378-31FF-4BE1-89E4-5D527ABE533D}.Release|Any CPU.ActiveCfg = Release|Any CPU
		{DDB5A378-31FF-4BE1-89E4-5D527ABE533D}.Release|Any CPU.Build.0 = Release|Any CPU
	EndGlobalSection
	GlobalSection(SolutionProperties) = preSolution
		HideSolutionNode = FALSE
	EndGlobalSection
	GlobalSection(NestedProjects) = preSolution
		{12670973-FFE5-4B66-A898-1689AA02BF77} = {81D006FE-6823-4513-9077-CE318FE276D3}
		{19D0FCA7-4A9D-4A75-AB16-78C8E513BDB6} = {81D006FE-6823-4513-9077-CE318FE276D3}
		{34EFE474-FEF7-4E63-92C3-10AA9B823C85} = {81D006FE-6823-4513-9077-CE318FE276D3}
	EndGlobalSection
	GlobalSection(ExtensibilityGlobals) = postSolution
		SolutionGuid = {FE9B41A8-AEAC-4181-A5C5-0CCA8C2A53BB}
	EndGlobalSection
EndGlobal
